
Microsoft Visual Studio Solution File, Format Version 12.00
# Visual Studio 15
VisualStudioVersion = 15.0.27703.2000
MinimumVisualStudioVersion = 10.0.40219.1
Project("{FAE04EC0-301F-11D3-BF4B-00C04F79EFBC}") = "BehaviorsPackSample.Android", "BehaviorsPackSample\BehaviorsPackSample.Android\BehaviorsPackSample.Android.csproj", "{BD05345E-60B0-4E62-B543-6D8BFB568372}"
EndProject
Project("{FAE04EC0-301F-11D3-BF4B-00C04F79EFBC}") = "BehaviorsPackSample.iOS", "BehaviorsPackSample\BehaviorsPackSample.iOS\BehaviorsPackSample.iOS.csproj", "{D6D5F627-2133-48A7-9629-9C64589F8F42}"
EndProject
Project("{FAE04EC0-301F-11D3-BF4B-00C04F79EFBC}") = "BehaviorsPackSample.UWP", "BehaviorsPackSample\BehaviorsPackSample.UWP\BehaviorsPackSample.UWP.csproj", "{141D9E90-B15E-4388-86F4-0332C8AA582C}"
EndProject
Project("{9A19103F-16F7-4668-BE54-9A1E7A4F7556}") = "BehaviorsPackSample", "BehaviorsPackSample\BehaviorsPackSample\BehaviorsPackSample.csproj", "{16E8C4D6-B673-4A24-900A-A2FA0B0B86DA}"
EndProject
Global
	GlobalSection(SolutionConfigurationPlatforms) = preSolution
		Ad-Hoc|Any CPU = Ad-Hoc|Any CPU
		Ad-Hoc|ARM = Ad-Hoc|ARM
		Ad-Hoc|iPhone = Ad-Hoc|iPhone
		Ad-Hoc|iPhoneSimulator = Ad-Hoc|iPhoneSimulator
		Ad-Hoc|x64 = Ad-Hoc|x64
		Ad-Hoc|x86 = Ad-Hoc|x86
		AppStore|Any CPU = AppStore|Any CPU
		AppStore|ARM = AppStore|ARM
		AppStore|iPhone = AppStore|iPhone
		AppStore|iPhoneSimulator = AppStore|iPhoneSimulator
		AppStore|x64 = AppStore|x64
		AppStore|x86 = AppStore|x86
		Debug|Any CPU = Debug|Any CPU
		Debug|ARM = Debug|ARM
		Debug|iPhone = Debug|iPhone
		Debug|iPhoneSimulator = Debug|iPhoneSimulator
		Debug|x64 = Debug|x64
		Debug|x86 = Debug|x86
		Release|Any CPU = Release|Any CPU
		Release|ARM = Release|ARM
		Release|iPhone = Release|iPhone
		Release|iPhoneSimulator = Release|iPhoneSimulator
		Release|x64 = Release|x64
		Release|x86 = Release|x86
	EndGlobalSection
	GlobalSection(ProjectConfigurationPlatforms) = postSolution
		{BD05345E-60B0-4E62-B543-6D8BFB568372}.Ad-Hoc|Any CPU.ActiveCfg = Release|Any CPU
		{BD05345E-60B0-4E62-B543-6D8BFB568372}.Ad-Hoc|Any CPU.Build.0 = Release|Any CPU
		{BD05345E-60B0-4E62-B543-6D8BFB568372}.Ad-Hoc|Any CPU.Deploy.0 = Release|Any CPU
		{BD05345E-60B0-4E62-B543-6D8BFB568372}.Ad-Hoc|ARM.ActiveCfg = Release|Any CPU
		{BD05345E-60B0-4E62-B543-6D8BFB568372}.Ad-Hoc|ARM.Build.0 = Release|Any CPU
		{BD05345E-60B0-4E62-B543-6D8BFB568372}.Ad-Hoc|ARM.Deploy.0 = Release|Any CPU
		{BD05345E-60B0-4E62-B543-6D8BFB568372}.Ad-Hoc|iPhone.ActiveCfg = Release|Any CPU
		{BD05345E-60B0-4E62-B543-6D8BFB568372}.Ad-Hoc|iPhone.Build.0 = Release|Any CPU
		{BD05345E-60B0-4E62-B543-6D8BFB568372}.Ad-Hoc|iPhone.Deploy.0 = Release|Any CPU
		{BD05345E-60B0-4E62-B543-6D8BFB568372}.Ad-Hoc|iPhoneSimulator.ActiveCfg = Release|Any CPU
		{BD05345E-60B0-4E62-B543-6D8BFB568372}.Ad-Hoc|iPhoneSimulator.Build.0 = Release|Any CPU
		{BD05345E-60B0-4E62-B543-6D8BFB568372}.Ad-Hoc|iPhoneSimulator.Deploy.0 = Release|Any CPU
		{BD05345E-60B0-4E62-B543-6D8BFB568372}.Ad-Hoc|x64.ActiveCfg = Release|Any CPU
		{BD05345E-60B0-4E62-B543-6D8BFB568372}.Ad-Hoc|x64.Build.0 = Release|Any CPU
		{BD05345E-60B0-4E62-B543-6D8BFB568372}.Ad-Hoc|x64.Deploy.0 = Release|Any CPU
		{BD05345E-60B0-4E62-B543-6D8BFB568372}.Ad-Hoc|x86.ActiveCfg = Release|Any CPU
		{BD05345E-60B0-4E62-B543-6D8BFB568372}.Ad-Hoc|x86.Build.0 = Release|Any CPU
		{BD05345E-60B0-4E62-B543-6D8BFB568372}.Ad-Hoc|x86.Deploy.0 = Release|Any CPU
		{BD05345E-60B0-4E62-B543-6D8BFB568372}.AppStore|Any CPU.ActiveCfg = Release|Any CPU
		{BD05345E-60B0-4E62-B543-6D8BFB568372}.AppStore|Any CPU.Build.0 = Release|Any CPU
		{BD05345E-60B0-4E62-B543-6D8BFB568372}.AppStore|Any CPU.Deploy.0 = Release|Any CPU
		{BD05345E-60B0-4E62-B543-6D8BFB568372}.AppStore|ARM.ActiveCfg = Release|Any CPU
		{BD05345E-60B0-4E62-B543-6D8BFB568372}.AppStore|ARM.Build.0 = Release|Any CPU
		{BD05345E-60B0-4E62-B543-6D8BFB568372}.AppStore|ARM.Deploy.0 = Release|Any CPU
		{BD05345E-60B0-4E62-B543-6D8BFB568372}.AppStore|iPhone.ActiveCfg = Release|Any CPU
		{BD05345E-60B0-4E62-B543-6D8BFB568372}.AppStore|iPhone.Build.0 = Release|Any CPU
		{BD05345E-60B0-4E62-B543-6D8BFB568372}.AppStore|iPhone.Deploy.0 = Release|Any CPU
		{BD05345E-60B0-4E62-B543-6D8BFB568372}.AppStore|iPhoneSimulator.ActiveCfg = Release|Any CPU
		{BD05345E-60B0-4E62-B543-6D8BFB568372}.AppStore|iPhoneSimulator.Build.0 = Release|Any CPU
		{BD05345E-60B0-4E62-B543-6D8BFB568372}.AppStore|iPhoneSimulator.Deploy.0 = Release|Any CPU
		{BD05345E-60B0-4E62-B543-6D8BFB568372}.AppStore|x64.ActiveCfg = Release|Any CPU
		{BD05345E-60B0-4E62-B543-6D8BFB568372}.AppStore|x64.Build.0 = Release|Any CPU
		{BD05345E-60B0-4E62-B543-6D8BFB568372}.AppStore|x64.Deploy.0 = Release|Any CPU
		{BD05345E-60B0-4E62-B543-6D8BFB568372}.AppStore|x86.ActiveCfg = Release|Any CPU
		{BD05345E-60B0-4E62-B543-6D8BFB568372}.AppStore|x86.Build.0 = Release|Any CPU
		{BD05345E-60B0-4E62-B543-6D8BFB568372}.AppStore|x86.Deploy.0 = Release|Any CPU
		{BD05345E-60B0-4E62-B543-6D8BFB568372}.Debug|Any CPU.ActiveCfg = Debug|Any CPU
		{BD05345E-60B0-4E62-B543-6D8BFB568372}.Debug|Any CPU.Build.0 = Debug|Any CPU
		{BD05345E-60B0-4E62-B543-6D8BFB568372}.Debug|Any CPU.Deploy.0 = Debug|Any CPU
		{BD05345E-60B0-4E62-B543-6D8BFB568372}.Debug|ARM.ActiveCfg = Debug|Any CPU
		{BD05345E-60B0-4E62-B543-6D8BFB568372}.Debug|ARM.Build.0 = Debug|Any CPU
		{BD05345E-60B0-4E62-B543-6D8BFB568372}.Debug|ARM.Deploy.0 = Debug|Any CPU
		{BD05345E-60B0-4E62-B543-6D8BFB568372}.Debug|iPhone.ActiveCfg = Debug|Any CPU
		{BD05345E-60B0-4E62-B543-6D8BFB568372}.Debug|iPhone.Build.0 = Debug|Any CPU
		{BD05345E-60B0-4E62-B543-6D8BFB568372}.Debug|iPhone.Deploy.0 = Debug|Any CPU
		{BD05345E-60B0-4E62-B543-6D8BFB568372}.Debug|iPhoneSimulator.ActiveCfg = Debug|Any CPU
		{BD05345E-60B0-4E62-B543-6D8BFB568372}.Debug|iPhoneSimulator.Build.0 = Debug|Any CPU
		{BD05345E-60B0-4E62-B543-6D8BFB568372}.Debug|iPhoneSimulator.Deploy.0 = Debug|Any CPU
		{BD05345E-60B0-4E62-B543-6D8BFB568372}.Debug|x64.ActiveCfg = Debug|Any CPU
		{BD05345E-60B0-4E62-B543-6D8BFB568372}.Debug|x64.Build.0 = Debug|Any CPU
		{BD05345E-60B0-4E62-B543-6D8BFB568372}.Debug|x64.Deploy.0 = Debug|Any CPU
		{BD05345E-60B0-4E62-B543-6D8BFB568372}.Debug|x86.ActiveCfg = Debug|Any CPU
		{BD05345E-60B0-4E62-B543-6D8BFB568372}.Debug|x86.Build.0 = Debug|Any CPU
		{BD05345E-60B0-4E62-B543-6D8BFB568372}.Debug|x86.Deploy.0 = Debug|Any CPU
		{BD05345E-60B0-4E62-B543-6D8BFB568372}.Release|Any CPU.ActiveCfg = Release|Any CPU
		{BD05345E-60B0-4E62-B543-6D8BFB568372}.Release|Any CPU.Build.0 = Release|Any CPU
		{BD05345E-60B0-4E62-B543-6D8BFB568372}.Release|Any CPU.Deploy.0 = Release|Any CPU
		{BD05345E-60B0-4E62-B543-6D8BFB568372}.Release|ARM.ActiveCfg = Release|Any CPU
		{BD05345E-60B0-4E62-B543-6D8BFB568372}.Release|ARM.Build.0 = Release|Any CPU
		{BD05345E-60B0-4E62-B543-6D8BFB568372}.Release|ARM.Deploy.0 = Release|Any CPU
		{BD05345E-60B0-4E62-B543-6D8BFB568372}.Release|iPhone.ActiveCfg = Release|Any CPU
		{BD05345E-60B0-4E62-B543-6D8BFB568372}.Release|iPhone.Build.0 = Release|Any CPU
		{BD05345E-60B0-4E62-B543-6D8BFB568372}.Release|iPhone.Deploy.0 = Release|Any CPU
		{BD05345E-60B0-4E62-B543-6D8BFB568372}.Release|iPhoneSimulator.ActiveCfg = Release|Any CPU
		{BD05345E-60B0-4E62-B543-6D8BFB568372}.Release|iPhoneSimulator.Build.0 = Release|Any CPU
		{BD05345E-60B0-4E62-B543-6D8BFB568372}.Release|iPhoneSimulator.Deploy.0 = Release|Any CPU
		{BD05345E-60B0-4E62-B543-6D8BFB568372}.Release|x64.ActiveCfg = Release|Any CPU
		{BD05345E-60B0-4E62-B543-6D8BFB568372}.Release|x64.Build.0 = Release|Any CPU
		{BD05345E-60B0-4E62-B543-6D8BFB568372}.Release|x64.Deploy.0 = Release|Any CPU
		{BD05345E-60B0-4E62-B543-6D8BFB568372}.Release|x86.ActiveCfg = Release|Any CPU
		{BD05345E-60B0-4E62-B543-6D8BFB568372}.Release|x86.Build.0 = Release|Any CPU
		{BD05345E-60B0-4E62-B543-6D8BFB568372}.Release|x86.Deploy.0 = Release|Any CPU
		{D6D5F627-2133-48A7-9629-9C64589F8F42}.Ad-Hoc|Any CPU.ActiveCfg = Ad-Hoc|iPhone
		{D6D5F627-2133-48A7-9629-9C64589F8F42}.Ad-Hoc|Any CPU.Build.0 = Ad-Hoc|iPhone
		{D6D5F627-2133-48A7-9629-9C64589F8F42}.Ad-Hoc|Any CPU.Deploy.0 = Ad-Hoc|iPhone
		{D6D5F627-2133-48A7-9629-9C64589F8F42}.Ad-Hoc|ARM.ActiveCfg = Ad-Hoc|iPhone
		{D6D5F627-2133-48A7-9629-9C64589F8F42}.Ad-Hoc|ARM.Build.0 = Ad-Hoc|iPhone
		{D6D5F627-2133-48A7-9629-9C64589F8F42}.Ad-Hoc|ARM.Deploy.0 = Ad-Hoc|iPhone
		{D6D5F627-2133-48A7-9629-9C64589F8F42}.Ad-Hoc|iPhone.ActiveCfg = Ad-Hoc|iPhone
		{D6D5F627-2133-48A7-9629-9C64589F8F42}.Ad-Hoc|iPhone.Build.0 = Ad-Hoc|iPhone
		{D6D5F627-2133-48A7-9629-9C64589F8F42}.Ad-Hoc|iPhone.Deploy.0 = Ad-Hoc|iPhone
		{D6D5F627-2133-48A7-9629-9C64589F8F42}.Ad-Hoc|iPhoneSimulator.ActiveCfg = Ad-Hoc|iPhoneSimulator
		{D6D5F627-2133-48A7-9629-9C64589F8F42}.Ad-Hoc|iPhoneSimulator.Build.0 = Ad-Hoc|iPhoneSimulator
		{D6D5F627-2133-48A7-9629-9C64589F8F42}.Ad-Hoc|iPhoneSimulator.Deploy.0 = Ad-Hoc|iPhoneSimulator
		{D6D5F627-2133-48A7-9629-9C64589F8F42}.Ad-Hoc|x64.ActiveCfg = Ad-Hoc|iPhone
		{D6D5F627-2133-48A7-9629-9C64589F8F42}.Ad-Hoc|x64.Build.0 = Ad-Hoc|iPhone
		{D6D5F627-2133-48A7-9629-9C64589F8F42}.Ad-Hoc|x64.Deploy.0 = Ad-Hoc|iPhone
		{D6D5F627-2133-48A7-9629-9C64589F8F42}.Ad-Hoc|x86.ActiveCfg = Ad-Hoc|iPhone
		{D6D5F627-2133-48A7-9629-9C64589F8F42}.Ad-Hoc|x86.Build.0 = Ad-Hoc|iPhone
		{D6D5F627-2133-48A7-9629-9C64589F8F42}.Ad-Hoc|x86.Deploy.0 = Ad-Hoc|iPhone
		{D6D5F627-2133-48A7-9629-9C64589F8F42}.AppStore|Any CPU.ActiveCfg = AppStore|iPhone
		{D6D5F627-2133-48A7-9629-9C64589F8F42}.AppStore|Any CPU.Build.0 = AppStore|iPhone
		{D6D5F627-2133-48A7-9629-9C64589F8F42}.AppStore|Any CPU.Deploy.0 = AppStore|iPhone
		{D6D5F627-2133-48A7-9629-9C64589F8F42}.AppStore|ARM.ActiveCfg = AppStore|iPhone
		{D6D5F627-2133-48A7-9629-9C64589F8F42}.AppStore|ARM.Build.0 = AppStore|iPhone
		{D6D5F627-2133-48A7-9629-9C64589F8F42}.AppStore|ARM.Deploy.0 = AppStore|iPhone
		{D6D5F627-2133-48A7-9629-9C64589F8F42}.AppStore|iPhone.ActiveCfg = AppStore|iPhone
		{D6D5F627-2133-48A7-9629-9C64589F8F42}.AppStore|iPhone.Build.0 = AppStore|iPhone
		{D6D5F627-2133-48A7-9629-9C64589F8F42}.AppStore|iPhone.Deploy.0 = AppStore|iPhone
		{D6D5F627-2133-48A7-9629-9C64589F8F42}.AppStore|iPhoneSimulator.ActiveCfg = AppStore|iPhoneSimulator
		{D6D5F627-2133-48A7-9629-9C64589F8F42}.AppStore|iPhoneSimulator.Build.0 = AppStore|iPhoneSimulator
		{D6D5F627-2133-48A7-9629-9C64589F8F42}.AppStore|iPhoneSimulator.Deploy.0 = AppStore|iPhoneSimulator
		{D6D5F627-2133-48A7-9629-9C64589F8F42}.AppStore|x64.ActiveCfg = AppStore|iPhone
		{D6D5F627-2133-48A7-9629-9C64589F8F42}.AppStore|x64.Build.0 = AppStore|iPhone
		{D6D5F627-2133-48A7-9629-9C64589F8F42}.AppStore|x64.Deploy.0 = AppStore|iPhone
		{D6D5F627-2133-48A7-9629-9C64589F8F42}.AppStore|x86.ActiveCfg = AppStore|iPhone
		{D6D5F627-2133-48A7-9629-9C64589F8F42}.AppStore|x86.Build.0 = AppStore|iPhone
		{D6D5F627-2133-48A7-9629-9C64589F8F42}.AppStore|x86.Deploy.0 = AppStore|iPhone
		{D6D5F627-2133-48A7-9629-9C64589F8F42}.Debug|Any CPU.ActiveCfg = Debug|iPhoneSimulator
		{D6D5F627-2133-48A7-9629-9C64589F8F42}.Debug|Any CPU.Build.0 = Debug|iPhoneSimulator
		{D6D5F627-2133-48A7-9629-9C64589F8F42}.Debug|Any CPU.Deploy.0 = Debug|iPhoneSimulator
		{D6D5F627-2133-48A7-9629-9C64589F8F42}.Debug|ARM.ActiveCfg = Debug|iPhone
		{D6D5F627-2133-48A7-9629-9C64589F8F42}.Debug|ARM.Build.0 = Debug|iPhone
		{D6D5F627-2133-48A7-9629-9C64589F8F42}.Debug|ARM.Deploy.0 = Debug|iPhone
		{D6D5F627-2133-48A7-9629-9C64589F8F42}.Debug|iPhone.ActiveCfg = Debug|iPhone
		{D6D5F627-2133-48A7-9629-9C64589F8F42}.Debug|iPhone.Build.0 = Debug|iPhone
		{D6D5F627-2133-48A7-9629-9C64589F8F42}.Debug|iPhone.Deploy.0 = Debug|iPhone
		{D6D5F627-2133-48A7-9629-9C64589F8F42}.Debug|iPhoneSimulator.ActiveCfg = Debug|iPhoneSimulator
		{D6D5F627-2133-48A7-9629-9C64589F8F42}.Debug|iPhoneSimulator.Build.0 = Debug|iPhoneSimulator
		{D6D5F627-2133-48A7-9629-9C64589F8F42}.Debug|iPhoneSimulator.Deploy.0 = Debug|iPhoneSimulator
		{D6D5F627-2133-48A7-9629-9C64589F8F42}.Debug|x64.ActiveCfg = Debug|iPhone
		{D6D5F627-2133-48A7-9629-9C64589F8F42}.Debug|x64.Build.0 = Debug|iPhone
		{D6D5F627-2133-48A7-9629-9C64589F8F42}.Debug|x64.Deploy.0 = Debug|iPhone
		{D6D5F627-2133-48A7-9629-9C64589F8F42}.Debug|x86.ActiveCfg = Debug|iPhone
		{D6D5F627-2133-48A7-9629-9C64589F8F42}.Debug|x86.Build.0 = Debug|iPhone
		{D6D5F627-2133-48A7-9629-9C64589F8F42}.Debug|x86.Deploy.0 = Debug|iPhone
		{D6D5F627-2133-48A7-9629-9C64589F8F42}.Release|Any CPU.ActiveCfg = Release|iPhone
		{D6D5F627-2133-48A7-9629-9C64589F8F42}.Release|Any CPU.Build.0 = Release|iPhone
		{D6D5F627-2133-48A7-9629-9C64589F8F42}.Release|Any CPU.Deploy.0 = Release|iPhone
		{D6D5F627-2133-48A7-9629-9C64589F8F42}.Release|ARM.ActiveCfg = Release|iPhone
		{D6D5F627-2133-48A7-9629-9C64589F8F42}.Release|ARM.Build.0 = Release|iPhone
		{D6D5F627-2133-48A7-9629-9C64589F8F42}.Release|ARM.Deploy.0 = Release|iPhone
		{D6D5F627-2133-48A7-9629-9C64589F8F42}.Release|iPhone.ActiveCfg = Release|iPhone
		{D6D5F627-2133-48A7-9629-9C64589F8F42}.Release|iPhone.Build.0 = Release|iPhone
		{D6D5F627-2133-48A7-9629-9C64589F8F42}.Release|iPhone.Deploy.0 = Release|iPhone
		{D6D5F627-2133-48A7-9629-9C64589F8F42}.Release|iPhoneSimulator.ActiveCfg = Release|iPhoneSimulator
		{D6D5F627-2133-48A7-9629-9C64589F8F42}.Release|iPhoneSimulator.Build.0 = Release|iPhoneSimulator
		{D6D5F627-2133-48A7-9629-9C64589F8F42}.Release|iPhoneSimulator.Deploy.0 = Release|iPhoneSimulator
		{D6D5F627-2133-48A7-9629-9C64589F8F42}.Release|x64.ActiveCfg = Release|iPhone
		{D6D5F627-2133-48A7-9629-9C64589F8F42}.Release|x64.Build.0 = Release|iPhone
		{D6D5F627-2133-48A7-9629-9C64589F8F42}.Release|x64.Deploy.0 = Release|iPhone
		{D6D5F627-2133-48A7-9629-9C64589F8F42}.Release|x86.ActiveCfg = Release|iPhone
		{D6D5F627-2133-48A7-9629-9C64589F8F42}.Release|x86.Build.0 = Release|iPhone
		{D6D5F627-2133-48A7-9629-9C64589F8F42}.Release|x86.Deploy.0 = Release|iPhone
		{141D9E90-B15E-4388-86F4-0332C8AA582C}.Ad-Hoc|Any CPU.ActiveCfg = Release|x86
		{141D9E90-B15E-4388-86F4-0332C8AA582C}.Ad-Hoc|Any CPU.Build.0 = Release|x86
		{141D9E90-B15E-4388-86F4-0332C8AA582C}.Ad-Hoc|Any CPU.Deploy.0 = Release|x86
		{141D9E90-B15E-4388-86F4-0332C8AA582C}.Ad-Hoc|ARM.ActiveCfg = Release|ARM
		{141D9E90-B15E-4388-86F4-0332C8AA582C}.Ad-Hoc|ARM.Build.0 = Release|ARM
		{141D9E90-B15E-4388-86F4-0332C8AA582C}.Ad-Hoc|ARM.Deploy.0 = Release|ARM
		{141D9E90-B15E-4388-86F4-0332C8AA582C}.Ad-Hoc|iPhone.ActiveCfg = Release|x86
		{141D9E90-B15E-4388-86F4-0332C8AA582C}.Ad-Hoc|iPhone.Build.0 = Release|x86
		{141D9E90-B15E-4388-86F4-0332C8AA582C}.Ad-Hoc|iPhone.Deploy.0 = Release|x86
		{141D9E90-B15E-4388-86F4-0332C8AA582C}.Ad-Hoc|iPhoneSimulator.ActiveCfg = Release|x86
		{141D9E90-B15E-4388-86F4-0332C8AA582C}.Ad-Hoc|iPhoneSimulator.Build.0 = Release|x86
		{141D9E90-B15E-4388-86F4-0332C8AA582C}.Ad-Hoc|iPhoneSimulator.Deploy.0 = Release|x86
		{141D9E90-B15E-4388-86F4-0332C8AA582C}.Ad-Hoc|x64.ActiveCfg = Release|x64
		{141D9E90-B15E-4388-86F4-0332C8AA582C}.Ad-Hoc|x64.Build.0 = Release|x64
		{141D9E90-B15E-4388-86F4-0332C8AA582C}.Ad-Hoc|x64.Deploy.0 = Release|x64
		{141D9E90-B15E-4388-86F4-0332C8AA582C}.Ad-Hoc|x86.ActiveCfg = Release|x86
		{141D9E90-B15E-4388-86F4-0332C8AA582C}.Ad-Hoc|x86.Build.0 = Release|x86
		{141D9E90-B15E-4388-86F4-0332C8AA582C}.Ad-Hoc|x86.Deploy.0 = Release|x86
		{141D9E90-B15E-4388-86F4-0332C8AA582C}.AppStore|Any CPU.ActiveCfg = Release|x86
		{141D9E90-B15E-4388-86F4-0332C8AA582C}.AppStore|Any CPU.Build.0 = Release|x86
		{141D9E90-B15E-4388-86F4-0332C8AA582C}.AppStore|Any CPU.Deploy.0 = Release|x86
		{141D9E90-B15E-4388-86F4-0332C8AA582C}.AppStore|ARM.ActiveCfg = Release|ARM
		{141D9E90-B15E-4388-86F4-0332C8AA582C}.AppStore|ARM.Build.0 = Release|ARM
		{141D9E90-B15E-4388-86F4-0332C8AA582C}.AppStore|ARM.Deploy.0 = Release|ARM
		{141D9E90-B15E-4388-86F4-0332C8AA582C}.AppStore|iPhone.ActiveCfg = Release|x86
		{141D9E90-B15E-4388-86F4-0332C8AA582C}.AppStore|iPhone.Build.0 = Release|x86
		{141D9E90-B15E-4388-86F4-0332C8AA582C}.AppStore|iPhone.Deploy.0 = Release|x86
		{141D9E90-B15E-4388-86F4-0332C8AA582C}.AppStore|iPhoneSimulator.ActiveCfg = Release|x86
		{141D9E90-B15E-4388-86F4-0332C8AA582C}.AppStore|iPhoneSimulator.Build.0 = Release|x86
		{141D9E90-B15E-4388-86F4-0332C8AA582C}.AppStore|iPhoneSimulator.Deploy.0 = Release|x86
		{141D9E90-B15E-4388-86F4-0332C8AA582C}.AppStore|x64.ActiveCfg = Release|x64
		{141D9E90-B15E-4388-86F4-0332C8AA582C}.AppStore|x64.Build.0 = Release|x64
		{141D9E90-B15E-4388-86F4-0332C8AA582C}.AppStore|x64.Deploy.0 = Release|x64
		{141D9E90-B15E-4388-86F4-0332C8AA582C}.AppStore|x86.ActiveCfg = Release|x86
		{141D9E90-B15E-4388-86F4-0332C8AA582C}.AppStore|x86.Build.0 = Release|x86
		{141D9E90-B15E-4388-86F4-0332C8AA582C}.AppStore|x86.Deploy.0 = Release|x86
		{141D9E90-B15E-4388-86F4-0332C8AA582C}.Debug|Any CPU.ActiveCfg = Debug|x86
		{141D9E90-B15E-4388-86F4-0332C8AA582C}.Debug|Any CPU.Build.0 = Debug|x86
		{141D9E90-B15E-4388-86F4-0332C8AA582C}.Debug|Any CPU.Deploy.0 = Debug|x86
		{141D9E90-B15E-4388-86F4-0332C8AA582C}.Debug|ARM.ActiveCfg = Debug|ARM
		{141D9E90-B15E-4388-86F4-0332C8AA582C}.Debug|ARM.Build.0 = Debug|ARM
		{141D9E90-B15E-4388-86F4-0332C8AA582C}.Debug|ARM.Deploy.0 = Debug|ARM
		{141D9E90-B15E-4388-86F4-0332C8AA582C}.Debug|iPhone.ActiveCfg = Debug|x86
		{141D9E90-B15E-4388-86F4-0332C8AA582C}.Debug|iPhone.Build.0 = Debug|x86
		{141D9E90-B15E-4388-86F4-0332C8AA582C}.Debug|iPhone.Deploy.0 = Debug|x86
		{141D9E90-B15E-4388-86F4-0332C8AA582C}.Debug|iPhoneSimulator.ActiveCfg = Debug|x86
		{141D9E90-B15E-4388-86F4-0332C8AA582C}.Debug|iPhoneSimulator.Build.0 = Debug|x86
		{141D9E90-B15E-4388-86F4-0332C8AA582C}.Debug|iPhoneSimulator.Deploy.0 = Debug|x86
		{141D9E90-B15E-4388-86F4-0332C8AA582C}.Debug|x64.ActiveCfg = Debug|x64
		{141D9E90-B15E-4388-86F4-0332C8AA582C}.Debug|x64.Build.0 = Debug|x64
		{141D9E90-B15E-4388-86F4-0332C8AA582C}.Debug|x64.Deploy.0 = Debug|x64
		{141D9E90-B15E-4388-86F4-0332C8AA582C}.Debug|x86.ActiveCfg = Debug|x86
		{141D9E90-B15E-4388-86F4-0332C8AA582C}.Debug|x86.Build.0 = Debug|x86
		{141D9E90-B15E-4388-86F4-0332C8AA582C}.Debug|x86.Deploy.0 = Debug|x86
		{141D9E90-B15E-4388-86F4-0332C8AA582C}.Release|Any CPU.ActiveCfg = Release|x86
		{141D9E90-B15E-4388-86F4-0332C8AA582C}.Release|Any CPU.Build.0 = Release|x86
		{141D9E90-B15E-4388-86F4-0332C8AA582C}.Release|Any CPU.Deploy.0 = Release|x86
		{141D9E90-B15E-4388-86F4-0332C8AA582C}.Release|ARM.ActiveCfg = Release|ARM
		{141D9E90-B15E-4388-86F4-0332C8AA582C}.Release|ARM.Build.0 = Release|ARM
		{141D9E90-B15E-4388-86F4-0332C8AA582C}.Release|ARM.Deploy.0 = Release|ARM
		{141D9E90-B15E-4388-86F4-0332C8AA582C}.Release|iPhone.ActiveCfg = Release|x86
		{141D9E90-B15E-4388-86F4-0332C8AA582C}.Release|iPhone.Build.0 = Release|x86
		{141D9E90-B15E-4388-86F4-0332C8AA582C}.Release|iPhone.Deploy.0 = Release|x86
		{141D9E90-B15E-4388-86F4-0332C8AA582C}.Release|iPhoneSimulator.ActiveCfg = Release|x86
		{141D9E90-B15E-4388-86F4-0332C8AA582C}.Release|iPhoneSimulator.Build.0 = Release|x86
		{141D9E90-B15E-4388-86F4-0332C8AA582C}.Release|iPhoneSimulator.Deploy.0 = Release|x86
		{141D9E90-B15E-4388-86F4-0332C8AA582C}.Release|x64.ActiveCfg = Release|x64
		{141D9E90-B15E-4388-86F4-0332C8AA582C}.Release|x64.Build.0 = Release|x64
		{141D9E90-B15E-4388-86F4-0332C8AA582C}.Release|x64.Deploy.0 = Release|x64
		{141D9E90-B15E-4388-86F4-0332C8AA582C}.Release|x86.ActiveCfg = Release|x86
		{141D9E90-B15E-4388-86F4-0332C8AA582C}.Release|x86.Build.0 = Release|x86
		{141D9E90-B15E-4388-86F4-0332C8AA582C}.Release|x86.Deploy.0 = Release|x86
		{16E8C4D6-B673-4A24-900A-A2FA0B0B86DA}.Ad-Hoc|Any CPU.ActiveCfg = Debug|Any CPU
		{16E8C4D6-B673-4A24-900A-A2FA0B0B86DA}.Ad-Hoc|Any CPU.Build.0 = Debug|Any CPU
		{16E8C4D6-B673-4A24-900A-A2FA0B0B86DA}.Ad-Hoc|Any CPU.Deploy.0 = Debug|Any CPU
		{16E8C4D6-B673-4A24-900A-A2FA0B0B86DA}.Ad-Hoc|ARM.ActiveCfg = Debug|Any CPU
		{16E8C4D6-B673-4A24-900A-A2FA0B0B86DA}.Ad-Hoc|ARM.Build.0 = Debug|Any CPU
		{16E8C4D6-B673-4A24-900A-A2FA0B0B86DA}.Ad-Hoc|ARM.Deploy.0 = Debug|Any CPU
		{16E8C4D6-B673-4A24-900A-A2FA0B0B86DA}.Ad-Hoc|iPhone.ActiveCfg = Debug|Any CPU
		{16E8C4D6-B673-4A24-900A-A2FA0B0B86DA}.Ad-Hoc|iPhone.Build.0 = Debug|Any CPU
		{16E8C4D6-B673-4A24-900A-A2FA0B0B86DA}.Ad-Hoc|iPhone.Deploy.0 = Debug|Any CPU
		{16E8C4D6-B673-4A24-900A-A2FA0B0B86DA}.Ad-Hoc|iPhoneSimulator.ActiveCfg = Debug|Any CPU
		{16E8C4D6-B673-4A24-900A-A2FA0B0B86DA}.Ad-Hoc|iPhoneSimulator.Build.0 = Debug|Any CPU
		{16E8C4D6-B673-4A24-900A-A2FA0B0B86DA}.Ad-Hoc|iPhoneSimulator.Deploy.0 = Debug|Any CPU
		{16E8C4D6-B673-4A24-900A-A2FA0B0B86DA}.Ad-Hoc|x64.ActiveCfg = Debug|Any CPU
		{16E8C4D6-B673-4A24-900A-A2FA0B0B86DA}.Ad-Hoc|x64.Build.0 = Debug|Any CPU
		{16E8C4D6-B673-4A24-900A-A2FA0B0B86DA}.Ad-Hoc|x64.Deploy.0 = Debug|Any CPU
		{16E8C4D6-B673-4A24-900A-A2FA0B0B86DA}.Ad-Hoc|x86.ActiveCfg = Debug|Any CPU
		{16E8C4D6-B673-4A24-900A-A2FA0B0B86DA}.Ad-Hoc|x86.Build.0 = Debug|Any CPU
		{16E8C4D6-B673-4A24-900A-A2FA0B0B86DA}.Ad-Hoc|x86.Deploy.0 = Debug|Any CPU
		{16E8C4D6-B673-4A24-900A-A2FA0B0B86DA}.AppStore|Any CPU.ActiveCfg = Debug|Any CPU
		{16E8C4D6-B673-4A24-900A-A2FA0B0B86DA}.AppStore|Any CPU.Build.0 = Debug|Any CPU
		{16E8C4D6-B673-4A24-900A-A2FA0B0B86DA}.AppStore|Any CPU.Deploy.0 = Debug|Any CPU
		{16E8C4D6-B673-4A24-900A-A2FA0B0B86DA}.AppStore|ARM.ActiveCfg = Debug|Any CPU
		{16E8C4D6-B673-4A24-900A-A2FA0B0B86DA}.AppStore|ARM.Build.0 = Debug|Any CPU
		{16E8C4D6-B673-4A24-900A-A2FA0B0B86DA}.AppStore|ARM.Deploy.0 = Debug|Any CPU
		{16E8C4D6-B673-4A24-900A-A2FA0B0B86DA}.AppStore|iPhone.ActiveCfg = Debug|Any CPU
		{16E8C4D6-B673-4A24-900A-A2FA0B0B86DA}.AppStore|iPhone.Build.0 = Debug|Any CPU
		{16E8C4D6-B673-4A24-900A-A2FA0B0B86DA}.AppStore|iPhone.Deploy.0 = Debug|Any CPU
		{16E8C4D6-B673-4A24-900A-A2FA0B0B86DA}.AppStore|iPhoneSimulator.ActiveCfg = Debug|Any CPU
		{16E8C4D6-B673-4A24-900A-A2FA0B0B86DA}.AppStore|iPhoneSimulator.Build.0 = Debug|Any CPU
		{16E8C4D6-B673-4A24-900A-A2FA0B0B86DA}.AppStore|iPhoneSimulator.Deploy.0 = Debug|Any CPU
		{16E8C4D6-B673-4A24-900A-A2FA0B0B86DA}.AppStore|x64.ActiveCfg = Debug|Any CPU
		{16E8C4D6-B673-4A24-900A-A2FA0B0B86DA}.AppStore|x64.Build.0 = Debug|Any CPU
		{16E8C4D6-B673-4A24-900A-A2FA0B0B86DA}.AppStore|x64.Deploy.0 = Debug|Any CPU
		{16E8C4D6-B673-4A24-900A-A2FA0B0B86DA}.AppStore|x86.ActiveCfg = Debug|Any CPU
		{16E8C4D6-B673-4A24-900A-A2FA0B0B86DA}.AppStore|x86.Build.0 = Debug|Any CPU
		{16E8C4D6-B673-4A24-900A-A2FA0B0B86DA}.AppStore|x86.Deploy.0 = Debug|Any CPU
		{16E8C4D6-B673-4A24-900A-A2FA0B0B86DA}.Debug|Any CPU.ActiveCfg = Debug|Any CPU
		{16E8C4D6-B673-4A24-900A-A2FA0B0B86DA}.Debug|Any CPU.Build.0 = Debug|Any CPU
		{16E8C4D6-B673-4A24-900A-A2FA0B0B86DA}.Debug|Any CPU.Deploy.0 = Debug|Any CPU
		{16E8C4D6-B673-4A24-900A-A2FA0B0B86DA}.Debug|ARM.ActiveCfg = Debug|Any CPU
		{16E8C4D6-B673-4A24-900A-A2FA0B0B86DA}.Debug|ARM.Build.0 = Debug|Any CPU
		{16E8C4D6-B673-4A24-900A-A2FA0B0B86DA}.Debug|ARM.Deploy.0 = Debug|Any CPU
		{16E8C4D6-B673-4A24-900A-A2FA0B0B86DA}.Debug|iPhone.ActiveCfg = Debug|Any CPU
		{16E8C4D6-B673-4A24-900A-A2FA0B0B86DA}.Debug|iPhone.Build.0 = Debug|Any CPU
		{16E8C4D6-B673-4A24-900A-A2FA0B0B86DA}.Debug|iPhone.Deploy.0 = Debug|Any CPU
		{16E8C4D6-B673-4A24-900A-A2FA0B0B86DA}.Debug|iPhoneSimulator.ActiveCfg = Debug|Any CPU
		{16E8C4D6-B673-4A24-900A-A2FA0B0B86DA}.Debug|iPhoneSimulator.Build.0 = Debug|Any CPU
		{16E8C4D6-B673-4A24-900A-A2FA0B0B86DA}.Debug|iPhoneSimulator.Deploy.0 = Debug|Any CPU
		{16E8C4D6-B673-4A24-900A-A2FA0B0B86DA}.Debug|x64.ActiveCfg = Debug|Any CPU
		{16E8C4D6-B673-4A24-900A-A2FA0B0B86DA}.Debug|x64.Build.0 = Debug|Any CPU
		{16E8C4D6-B673-4A24-900A-A2FA0B0B86DA}.Debug|x64.Deploy.0 = Debug|Any CPU
		{16E8C4D6-B673-4A24-900A-A2FA0B0B86DA}.Debug|x86.ActiveCfg = Debug|Any CPU
		{16E8C4D6-B673-4A24-900A-A2FA0B0B86DA}.Debug|x86.Build.0 = Debug|Any CPU
		{16E8C4D6-B673-4A24-900A-A2FA0B0B86DA}.Debug|x86.Deploy.0 = Debug|Any CPU
		{16E8C4D6-B673-4A24-900A-A2FA0B0B86DA}.Release|Any CPU.ActiveCfg = Release|Any CPU
		{16E8C4D6-B673-4A24-900A-A2FA0B0B86DA}.Release|Any CPU.Build.0 = Release|Any CPU
		{16E8C4D6-B673-4A24-900A-A2FA0B0B86DA}.Release|Any CPU.Deploy.0 = Release|Any CPU
		{16E8C4D6-B673-4A24-900A-A2FA0B0B86DA}.Release|ARM.ActiveCfg = Release|Any CPU
		{16E8C4D6-B673-4A24-900A-A2FA0B0B86DA}.Release|ARM.Build.0 = Release|Any CPU
		{16E8C4D6-B673-4A24-900A-A2FA0B0B86DA}.Release|ARM.Deploy.0 = Release|Any CPU
		{16E8C4D6-B673-4A24-900A-A2FA0B0B86DA}.Release|iPhone.ActiveCfg = Release|Any CPU
		{16E8C4D6-B673-4A24-900A-A2FA0B0B86DA}.Release|iPhone.Build.0 = Release|Any CPU
		{16E8C4D6-B673-4A24-900A-A2FA0B0B86DA}.Release|iPhone.Deploy.0 = Release|Any CPU
		{16E8C4D6-B673-4A24-900A-A2FA0B0B86DA}.Release|iPhoneSimulator.ActiveCfg = Release|Any CPU
		{16E8C4D6-B673-4A24-900A-A2FA0B0B86DA}.Release|iPhoneSimulator.Build.0 = Release|Any CPU
		{16E8C4D6-B673-4A24-900A-A2FA0B0B86DA}.Release|iPhoneSimulator.Deploy.0 = Release|Any CPU
		{16E8C4D6-B673-4A24-900A-A2FA0B0B86DA}.Release|x64.ActiveCfg = Release|Any CPU
		{16E8C4D6-B673-4A24-900A-A2FA0B0B86DA}.Release|x64.Build.0 = Release|Any CPU
		{16E8C4D6-B673-4A24-900A-A2FA0B0B86DA}.Release|x64.Deploy.0 = Release|Any CPU
		{16E8C4D6-B673-4A24-900A-A2FA0B0B86DA}.Release|x86.ActiveCfg = Release|Any CPU
		{16E8C4D6-B673-4A24-900A-A2FA0B0B86DA}.Release|x86.Build.0 = Release|Any CPU
		{16E8C4D6-B673-4A24-900A-A2FA0B0B86DA}.Release|x86.Deploy.0 = Release|Any CPU
	EndGlobalSection
	GlobalSection(SolutionProperties) = preSolution
		HideSolutionNode = FALSE
	EndGlobalSection
	GlobalSection(ExtensibilityGlobals) = postSolution
		SolutionGuid = {551AC234-B6C1-4D1A-8567-C8367201147D}
	EndGlobalSection
EndGlobal
