
Microsoft Visual Studio Solution File, Format Version 12.00
# Visual Studio 15
Project("{FAE04EC0-301F-11D3-BF4B-00C04F79EFBC}") = "Xamarin.Forms.BehaviorValidationPack.XFMaterial", "Xamarin.Forms.BehaviorValidationPack.XFMaterial\Xamarin.Forms.BehaviorValidationPack.XFMaterial.csproj", "{446757AD-43C3-4F11-A6B9-41EEE3EC88E8}"
EndProject
Project("{FAE04EC0-301F-11D3-BF4B-00C04F79EFBC}") = "BehaviorValidationPack.Core", "BehaviorValidationPack.Core\BehaviorValidationPack.Core.csproj", "{F8BE8C83-C14C-4CCF-80C2-AF69947CF864}"
EndProject
Project("{FAE04EC0-301F-11D3-BF4B-00C04F79EFBC}") = "Xamarin.Forms.BehaviorValidationPack", "Xamarin.Forms.BehaviorsPack\Xamarin.Forms.BehaviorValidationPack.csproj", "{34989C13-613F-4D16-B7D7-E54CBED7A08B}"
EndProject
Global
	GlobalSection(SolutionConfigurationPlatforms) = preSolution
		Debug|Any CPU = Debug|Any CPU
		Release|Any CPU = Release|Any CPU
	EndGlobalSection
	GlobalSection(ProjectConfigurationPlatforms) = postSolution
		{446757AD-43C3-4F11-A6B9-41EEE3EC88E8}.Debug|Any CPU.ActiveCfg = Debug|Any CPU
		{446757AD-43C3-4F11-A6B9-41EEE3EC88E8}.Debug|Any CPU.Build.0 = Debug|Any CPU
		{446757AD-43C3-4F11-A6B9-41EEE3EC88E8}.Release|Any CPU.ActiveCfg = Release|Any CPU
		{446757AD-43C3-4F11-A6B9-41EEE3EC88E8}.Release|Any CPU.Build.0 = Release|Any CPU
		{F8BE8C83-C14C-4CCF-80C2-AF69947CF864}.Debug|Any CPU.ActiveCfg = Debug|Any CPU
		{F8BE8C83-C14C-4CCF-80C2-AF69947CF864}.Debug|Any CPU.Build.0 = Debug|Any CPU
		{F8BE8C83-C14C-4CCF-80C2-AF69947CF864}.Release|Any CPU.ActiveCfg = Release|Any CPU
		{F8BE8C83-C14C-4CCF-80C2-AF69947CF864}.Release|Any CPU.Build.0 = Release|Any CPU
		{34989C13-613F-4D16-B7D7-E54CBED7A08B}.Debug|Any CPU.ActiveCfg = Debug|Any CPU
		{34989C13-613F-4D16-B7D7-E54CBED7A08B}.Debug|Any CPU.Build.0 = Debug|Any CPU
		{34989C13-613F-4D16-B7D7-E54CBED7A08B}.Release|Any CPU.ActiveCfg = Release|Any CPU
		{34989C13-613F-4D16-B7D7-E54CBED7A08B}.Release|Any CPU.Build.0 = Release|Any CPU
	EndGlobalSection
EndGlobal
