Microsoft Visual Studio Solution File, Format Version 12.00
# Visual Studio Version 16
VisualStudioVersion = 16.0.30309.148
MinimumVisualStudioVersion = 10.0.40219.1
Project("{9A19103F-16F7-4668-BE54-9A1E7A4F7556}") = "Xamarin.Forms.BehaviorValidationPack.XFMaterial", "Xamarin.Forms.BehaviorValidationPack.XFMaterial\Xamarin.Forms.BehaviorValidationPack.XFMaterial.csproj", "{446757AD-43C3-4F11-A6B9-41EEE3EC88E8}"
EndProject
Project("{9A19103F-16F7-4668-BE54-9A1E7A4F7556}") = "Xamarin.Forms.BehaviorValidationPack", "Xamarin.Forms.BehaviorsPack\Xamarin.Forms.BehaviorValidationPack.csproj", "{34989C13-613F-4D16-B7D7-E54CBED7A08B}"
EndProject
Global
	GlobalSection(SolutionConfigurationPlatforms) = preSolution
		Debug|Any CPU = Debug|Any CPU
		Release|Any CPU = Release|Any CPU
	EndGlobalSection
	GlobalSection(ProjectConfigurationPlatforms) = postSolution
		{446757AD-43C3-4F11-A6B9-41EEE3EC88E8}.Debug|Any CPU.ActiveCfg = Debug|Any CPU
		{446757AD-43C3-4F11-A6B9-41EEE3EC88E8}.Debug|Any CPU.Build.0 = Debug|Any CPU
		{446757AD-43C3-4F11-A6B9-41EEE3EC88E8}.Release|Any CPU.ActiveCfg = Release|Any CPU
		{446757AD-43C3-4F11-A6B9-41EEE3EC88E8}.Release|Any CPU.Build.0 = Release|Any CPU
		{34989C13-613F-4D16-B7D7-E54CBED7A08B}.Debug|Any CPU.ActiveCfg = Debug|Any CPU
		{34989C13-613F-4D16-B7D7-E54CBED7A08B}.Debug|Any CPU.Build.0 = Debug|Any CPU
		{34989C13-613F-4D16-B7D7-E54CBED7A08B}.Release|Any CPU.ActiveCfg = Release|Any CPU
		{34989C13-613F-4D16-B7D7-E54CBED7A08B}.Release|Any CPU.Build.0 = Release|Any CPU
	EndGlobalSection
	GlobalSection(SolutionProperties) = preSolution
		HideSolutionNode = FALSE
	EndGlobalSection
	GlobalSection(ExtensibilityGlobals) = postSolution
		SolutionGuid = {23C8E83B-31EC-45DC-9E7C-54196D776B5F}
	EndGlobalSection
EndGlobal
